
Microsoft Visual Studio Solution File, Format Version 12.00
# Visual Studio Version 17
VisualStudioVersion = 17.5.33530.505
MinimumVisualStudioVersion = 10.0.40219.1
Project("{FAE04EC0-301F-11D3-BF4B-00C04F79EFBC}") = "Drink Book App", "Drink Book App\Drink Book App.csproj", "{AAD2F94F-A695-456A-B8A4-F3AD281EAD3E}"
EndProject
Project("{FAE04EC0-301F-11D3-BF4B-00C04F79EFBC}") = "DataAccess", "PostgresSqlAccess\DataAccess.csproj", "{DEF8D405-1CFE-442B-AB26-F5117184739D}"
EndProject
Project("{FAE04EC0-301F-11D3-BF4B-00C04F79EFBC}") = "DataAccessTests", "DataAccessTests\DataAccessTests.csproj", "{D0AA4885-1D1A-4380-9C53-2924C591810C}"
EndProject
Global
	GlobalSection(SolutionConfigurationPlatforms) = preSolution
		Debug|Any CPU = Debug|Any CPU
		Release|Any CPU = Release|Any CPU
	EndGlobalSection
	GlobalSection(ProjectConfigurationPlatforms) = postSolution
		{AAD2F94F-A695-456A-B8A4-F3AD281EAD3E}.Debug|Any CPU.ActiveCfg = Debug|Any CPU
		{AAD2F94F-A695-456A-B8A4-F3AD281EAD3E}.Debug|Any CPU.Build.0 = Debug|Any CPU
		{AAD2F94F-A695-456A-B8A4-F3AD281EAD3E}.Release|Any CPU.ActiveCfg = Release|Any CPU
		{AAD2F94F-A695-456A-B8A4-F3AD281EAD3E}.Release|Any CPU.Build.0 = Release|Any CPU
		{DEF8D405-1CFE-442B-AB26-F5117184739D}.Debug|Any CPU.ActiveCfg = Debug|Any CPU
		{DEF8D405-1CFE-442B-AB26-F5117184739D}.Debug|Any CPU.Build.0 = Debug|Any CPU
		{DEF8D405-1CFE-442B-AB26-F5117184739D}.Release|Any CPU.ActiveCfg = Release|Any CPU
		{DEF8D405-1CFE-442B-AB26-F5117184739D}.Release|Any CPU.Build.0 = Release|Any CPU
		{D0AA4885-1D1A-4380-9C53-2924C591810C}.Debug|Any CPU.ActiveCfg = Debug|Any CPU
		{D0AA4885-1D1A-4380-9C53-2924C591810C}.Debug|Any CPU.Build.0 = Debug|Any CPU
		{D0AA4885-1D1A-4380-9C53-2924C591810C}.Release|Any CPU.ActiveCfg = Release|Any CPU
		{D0AA4885-1D1A-4380-9C53-2924C591810C}.Release|Any CPU.Build.0 = Release|Any CPU
	EndGlobalSection
	GlobalSection(SolutionProperties) = preSolution
		HideSolutionNode = FALSE
	EndGlobalSection
	GlobalSection(ExtensibilityGlobals) = postSolution
		SolutionGuid = {6760AA8B-4A3A-4799-A492-117C896D2BA6}
	EndGlobalSection
EndGlobal
